
Microsoft Visual Studio Solution File, Format Version 12.00
# Visual Studio 15
VisualStudioVersion = 15.0.28010.2036
MinimumVisualStudioVersion = 10.0.40219.1
Project("{FAE04EC0-301F-11D3-BF4B-00C04F79EFBC}") = "DirectoryMirror", "DirectoryMirror\DirectoryMirror.csproj", "{38EE6284-B0A1-40C9-85CC-47CCD1CAC8BA}"
EndProject
Global
	GlobalSection(SolutionConfigurationPlatforms) = preSolution
		Debug|Any CPU = Debug|Any CPU
		Release|Any CPU = Release|Any CPU
	EndGlobalSection
	GlobalSection(ProjectConfigurationPlatforms) = postSolution
		{38EE6284-B0A1-40C9-85CC-47CCD1CAC8BA}.Debug|Any CPU.ActiveCfg = Debug|Any CPU
		{38EE6284-B0A1-40C9-85CC-47CCD1CAC8BA}.Debug|Any CPU.Build.0 = Debug|Any CPU
		{38EE6284-B0A1-40C9-85CC-47CCD1CAC8BA}.Release|Any CPU.ActiveCfg = Release|Any CPU
		{38EE6284-B0A1-40C9-85CC-47CCD1CAC8BA}.Release|Any CPU.Build.0 = Release|Any CPU
	EndGlobalSection
	GlobalSection(SolutionProperties) = preSolution
		HideSolutionNode = FALSE
	EndGlobalSection
	GlobalSection(ExtensibilityGlobals) = postSolution
		SolutionGuid = {E73B6749-BCF9-42CE-B8A6-8B9E63FF9620}
	EndGlobalSection
EndGlobal
